<?xml version="1.0" encoding="utf-8"?>
<Project ToolsVersion="4.0" xmlns="http://schemas.microsoft.com/developer/msbuild/2003">
  <ItemGroup>
    <Filter Include="Source Files">
      <UniqueIdentifier>{4FC737F1-C7A5-4376-A066-2A32D752A2FF}</UniqueIdentifier>
      <Extensions>cpp;c;cc;cxx;c++;cppm;ixx;def;odl;idl;hpj;bat;asm;asmx</Extensions>
    </Filter>
    <Filter Include="Header Files">
      <UniqueIdentifier>{93995380-89BD-4b04-88EB-625FBE52EBFB}</UniqueIdentifier>
      <Extensions>h;hh;hpp;hxx;h++;hm;inl;inc;ipp;xsd</Extensions>
    </Filter>
    <Filter Include="Resource Files">
      <UniqueIdentifier>{67DA6AB6-F800-4c08-8B7A-83BB121AAD01}</UniqueIdentifier>
      <Extensions>rc;ico;cur;bmp;dlg;rc2;rct;bin;rgs;gif;jpg;jpeg;jpe;resx;tiff;tif;png;wav;mfcribbon-ms</Extensions>
    </Filter>
    <Filter Include="Header Files\Player">
      <UniqueIdentifier>{090c9b7a-cb5c-45ac-90dd-e4072ba035a8}</UniqueIdentifier>
    </Filter>
    <Filter Include="Header Files\main">
      <UniqueIdentifier>{1f668efe-a013-416e-ac04-63a33b5d0614}</UniqueIdentifier>
    </Filter>
    <Filter Include="Header Files\Display">
      <UniqueIdentifier>{0433edfd-ffd9-41e0-92a8-479c0b9da04f}</UniqueIdentifier>
    </Filter>
    <Filter Include="Header Files\Game">
      <UniqueIdentifier>{897596b9-b766-4316-aee0-3c4d885ede81}</UniqueIdentifier>
    </Filter>
    <Filter Include="Header Files\FileProcessing">
      <UniqueIdentifier>{9d7929a7-ff0b-4fa1-ad5f-2ac928d7e3be}</UniqueIdentifier>
    </Filter>
    <Filter Include="Header Files\Duplication">
      <UniqueIdentifier>{ba375e97-3fc7-4e8e-815b-5d378470e0d0}</UniqueIdentifier>
    </Filter>
  </ItemGroup>
  <ItemGroup>
    <ClInclude Include="Player.h">
      <Filter>Header Files\Player</Filter>
    </ClInclude>
    <ClInclude Include="PlayerList.h">
      <Filter>Header Files\Player</Filter>
    </ClInclude>
    <ClInclude Include="PlayerNode.h">
      <Filter>Header Files\Player</Filter>
    </ClInclude>
    <ClInclude Include="main.h">
      <Filter>Header Files\main</Filter>
    </ClInclude>
    <ClInclude Include="menu.h">
      <Filter>Header Files\Display</Filter>
    </ClInclude>
    <ClInclude Include="2048.h">
      <Filter>Header Files\Game</Filter>
    </ClInclude>
    <ClInclude Include="GameState.h">
      <Filter>Header Files\Game</Filter>
    </ClInclude>
    <ClInclude Include="GameLoop.h">
      <Filter>Header Files\Game</Filter>
    </ClInclude>
    <ClInclude Include="ReadFile.h">
      <Filter>Header Files\FileProcessing</Filter>
    </ClInclude>
    <ClInclude Include="WriteFile.h">
      <Filter>Header Files\FileProcessing</Filter>
    </ClInclude>
    <ClInclude Include="SaveGame.h">
      <Filter>Header Files\FileProcessing</Filter>
    </ClInclude>
    <ClInclude Include="TopPlayer.h">
      <Filter>Header Files\Player</Filter>
    </ClInclude>
    <ClInclude Include="GameLoopSave.h">
      <Filter>Header Files\Game</Filter>
    </ClInclude>
    <ClInclude Include="Color.h">
      <Filter>Header Files\Display</Filter>
    </ClInclude>
    <ClInclude Include="checkDuplication.h">
      <Filter>Header Files\Duplication</Filter>
    </ClInclude>
  </ItemGroup>
  <ItemGroup>
    <ClCompile Include="Player.cpp">
      <Filter>Source Files</Filter>
    </ClCompile>
    <ClCompile Include="PlayerList.cpp">
      <Filter>Source Files</Filter>
    </ClCompile>
    <ClCompile Include="PlayerNode.cpp">
      <Filter>Source Files</Filter>
    </ClCompile>
    <ClCompile Include="main.cpp">
      <Filter>Source Files</Filter>
    </ClCompile>
    <ClCompile Include="menu.cpp">
      <Filter>Source Files</Filter>
    </ClCompile>
    <ClCompile Include="2048.cpp">
      <Filter>Source Files</Filter>
    </ClCompile>
    <ClCompile Include="GameState.cpp">
      <Filter>Source Files</Filter>
    </ClCompile>
    <ClCompile Include="SaveGame.cpp">
      <Filter>Source Files</Filter>
    </ClCompile>
    <ClCompile Include="GameLoopSave.cpp">
      <Filter>Source Files</Filter>
    </ClCompile>
    <ClCompile Include="WriteFIile.cpp">
      <Filter>Source Files</Filter>
    </ClCompile>
    <ClCompile Include="TopPlayer.cpp">
      <Filter>Source Files</Filter>
    </ClCompile>
    <ClCompile Include="ReadFile.cpp">
      <Filter>Source Files</Filter>
    </ClCompile>
    <ClCompile Include="checkDuplication.cpp">
      <Filter>Source Files</Filter>
    </ClCompile>
  </ItemGroup>
  <ItemGroup>
    <None Include="saved_games.bin">
      <Filter>Resource Files</Filter>
    </None>
    <None Include="top_players.bin">
      <Filter>Resource Files</Filter>
    </None>
  </ItemGroup>
</Project>